
Microsoft Visual Studio Solution File, Format Version 12.00
# Visual Studio Version 16
VisualStudioVersion = 16.0.30611.23
MinimumVisualStudioVersion = 10.0.40219.1
Project("{9A19103F-16F7-4668-BE54-9A1E7A4F7556}") = "Plugins.ToolKits", "Plugins.ToolKits\Plugins.ToolKits.csproj", "{9B987B80-EF6A-41A1-A8C8-1E19EEEFAAD8}"
EndProject
Project("{2150E333-8FDC-42A3-9474-1A3956D46DE8}") = "Solution Items", "Solution Items", "{542E77C3-3FAA-4BEB-B327-7A28A6541400}"
	ProjectSection(SolutionItems) = preProject
		GlobalCompileSettings.Targets = GlobalCompileSettings.Targets
	EndProjectSection
EndProject
Project("{9A19103F-16F7-4668-BE54-9A1E7A4F7556}") = "ConsoleTest", "ConsoleTest\ConsoleTest.csproj", "{3C878855-5CA6-400B-862A-4D29A47B9F38}"
EndProject
Global
	GlobalSection(SolutionConfigurationPlatforms) = preSolution
		Debug|Any CPU = Debug|Any CPU
		Debug|x86 = Debug|x86
		Release|Any CPU = Release|Any CPU
		Release|x86 = Release|x86
	EndGlobalSection
	GlobalSection(ProjectConfigurationPlatforms) = postSolution
		{9B987B80-EF6A-41A1-A8C8-1E19EEEFAAD8}.Debug|Any CPU.ActiveCfg = Debug|Any CPU
		{9B987B80-EF6A-41A1-A8C8-1E19EEEFAAD8}.Debug|Any CPU.Build.0 = Debug|Any CPU
		{9B987B80-EF6A-41A1-A8C8-1E19EEEFAAD8}.Debug|x86.ActiveCfg = Debug|Any CPU
		{9B987B80-EF6A-41A1-A8C8-1E19EEEFAAD8}.Debug|x86.Build.0 = Debug|Any CPU
		{9B987B80-EF6A-41A1-A8C8-1E19EEEFAAD8}.Release|Any CPU.ActiveCfg = Release|Any CPU
		{9B987B80-EF6A-41A1-A8C8-1E19EEEFAAD8}.Release|Any CPU.Build.0 = Release|Any CPU
		{9B987B80-EF6A-41A1-A8C8-1E19EEEFAAD8}.Release|x86.ActiveCfg = Release|Any CPU
		{9B987B80-EF6A-41A1-A8C8-1E19EEEFAAD8}.Release|x86.Build.0 = Release|Any CPU
		{3C878855-5CA6-400B-862A-4D29A47B9F38}.Debug|Any CPU.ActiveCfg = Debug|Any CPU
		{3C878855-5CA6-400B-862A-4D29A47B9F38}.Debug|Any CPU.Build.0 = Debug|Any CPU
		{3C878855-5CA6-400B-862A-4D29A47B9F38}.Debug|x86.ActiveCfg = Debug|Any CPU
		{3C878855-5CA6-400B-862A-4D29A47B9F38}.Debug|x86.Build.0 = Debug|Any CPU
		{3C878855-5CA6-400B-862A-4D29A47B9F38}.Release|Any CPU.ActiveCfg = Release|Any CPU
		{3C878855-5CA6-400B-862A-4D29A47B9F38}.Release|Any CPU.Build.0 = Release|Any CPU
		{3C878855-5CA6-400B-862A-4D29A47B9F38}.Release|x86.ActiveCfg = Release|Any CPU
		{3C878855-5CA6-400B-862A-4D29A47B9F38}.Release|x86.Build.0 = Release|Any CPU
	EndGlobalSection
	GlobalSection(SolutionProperties) = preSolution
		HideSolutionNode = FALSE
	EndGlobalSection
	GlobalSection(ExtensibilityGlobals) = postSolution
		SolutionGuid = {510269E2-2F75-4C2B-9DE2-F47C9347E4C2}
	EndGlobalSection
EndGlobal
